
Microsoft Visual Studio Solution File, Format Version 12.00
# Visual Studio Version 17
VisualStudioVersion = 17.4.33213.308
MinimumVisualStudioVersion = 10.0.40219.1
Project("{9A19103F-16F7-4668-BE54-9A1E7A4F7556}") = "OutlayApi", "OutlayApi\OutlayApi.csproj", "{5ADD3115-25AB-4C08-9F73-E1A0EB3D0EFA}"
EndProject
Project("{9A19103F-16F7-4668-BE54-9A1E7A4F7556}") = "OutlayApi.Test", "OutlayApi.Test\OutlayApi.Test.csproj", "{6CE3CF45-1404-43FE-B772-FEF3E2DF8843}"
EndProject
Global
	GlobalSection(SolutionConfigurationPlatforms) = preSolution
		Debug|Any CPU = Debug|Any CPU
		Release|Any CPU = Release|Any CPU
	EndGlobalSection
	GlobalSection(ProjectConfigurationPlatforms) = postSolution
		{5ADD3115-25AB-4C08-9F73-E1A0EB3D0EFA}.Debug|Any CPU.ActiveCfg = Debug|Any CPU
		{5ADD3115-25AB-4C08-9F73-E1A0EB3D0EFA}.Debug|Any CPU.Build.0 = Debug|Any CPU
		{5ADD3115-25AB-4C08-9F73-E1A0EB3D0EFA}.Release|Any CPU.ActiveCfg = Release|Any CPU
		{5ADD3115-25AB-4C08-9F73-E1A0EB3D0EFA}.Release|Any CPU.Build.0 = Release|Any CPU
		{6CE3CF45-1404-43FE-B772-FEF3E2DF8843}.Debug|Any CPU.ActiveCfg = Debug|Any CPU
		{6CE3CF45-1404-43FE-B772-FEF3E2DF8843}.Debug|Any CPU.Build.0 = Debug|Any CPU
		{6CE3CF45-1404-43FE-B772-FEF3E2DF8843}.Release|Any CPU.ActiveCfg = Release|Any CPU
		{6CE3CF45-1404-43FE-B772-FEF3E2DF8843}.Release|Any CPU.Build.0 = Release|Any CPU
	EndGlobalSection
	GlobalSection(SolutionProperties) = preSolution
		HideSolutionNode = FALSE
	EndGlobalSection
	GlobalSection(ExtensibilityGlobals) = postSolution
		SolutionGuid = {D387297F-40F1-4DB8-886D-260AE7218F8B}
	EndGlobalSection
EndGlobal
